
Microsoft Visual Studio Solution File, Format Version 12.00
# Visual Studio Version 17
VisualStudioVersion = 17.2.32616.157
MinimumVisualStudioVersion = 10.0.40219.1
Project("{9A19103F-16F7-4668-BE54-9A1E7A4F7556}") = "DsiBcmsServer", "DsiBcmsServer\DsiBcmsServer.csproj", "{0CDA02FB-1965-4A21-AAC8-03D7563A40BA}"
EndProject
Global
	GlobalSection(SolutionConfigurationPlatforms) = preSolution
		Azure|Any CPU = Azure|Any CPU
		Debug|Any CPU = Debug|Any CPU
		DevProdBkup|Any CPU = DevProdBkup|Any CPU
		Release|Any CPU = Release|Any CPU
		Ripper|Any CPU = Ripper|Any CPU
		Stage|Any CPU = Stage|Any CPU
	EndGlobalSection
	GlobalSection(ProjectConfigurationPlatforms) = postSolution
		{0CDA02FB-1965-4A21-AAC8-03D7563A40BA}.Azure|Any CPU.ActiveCfg = Azure|Any CPU
		{0CDA02FB-1965-4A21-AAC8-03D7563A40BA}.Azure|Any CPU.Build.0 = Azure|Any CPU
		{0CDA02FB-1965-4A21-AAC8-03D7563A40BA}.Debug|Any CPU.ActiveCfg = Debug|Any CPU
		{0CDA02FB-1965-4A21-AAC8-03D7563A40BA}.Debug|Any CPU.Build.0 = Debug|Any CPU
		{0CDA02FB-1965-4A21-AAC8-03D7563A40BA}.DevProdBkup|Any CPU.ActiveCfg = DevProdBkup|Any CPU
		{0CDA02FB-1965-4A21-AAC8-03D7563A40BA}.DevProdBkup|Any CPU.Build.0 = DevProdBkup|Any CPU
		{0CDA02FB-1965-4A21-AAC8-03D7563A40BA}.Release|Any CPU.ActiveCfg = Release|Any CPU
		{0CDA02FB-1965-4A21-AAC8-03D7563A40BA}.Release|Any CPU.Build.0 = Release|Any CPU
		{0CDA02FB-1965-4A21-AAC8-03D7563A40BA}.Ripper|Any CPU.ActiveCfg = Ripper|Any CPU
		{0CDA02FB-1965-4A21-AAC8-03D7563A40BA}.Ripper|Any CPU.Build.0 = Ripper|Any CPU
		{0CDA02FB-1965-4A21-AAC8-03D7563A40BA}.Stage|Any CPU.ActiveCfg = Stage|Any CPU
		{0CDA02FB-1965-4A21-AAC8-03D7563A40BA}.Stage|Any CPU.Build.0 = Stage|Any CPU
	EndGlobalSection
	GlobalSection(SolutionProperties) = preSolution
		HideSolutionNode = FALSE
	EndGlobalSection
	GlobalSection(ExtensibilityGlobals) = postSolution
		SolutionGuid = {094579E1-E526-4C1A-920D-40ADCF7DD18C}
	EndGlobalSection
EndGlobal
